
Microsoft Visual Studio Solution File, Format Version 12.00
# Visual Studio Version 16
VisualStudioVersion = 16.0.30225.117
MinimumVisualStudioVersion = 10.0.40219.1
Project("{FAE04EC0-301F-11D3-BF4B-00C04F79EFBC}") = "ProgrammingAssignment4", "ProgrammingAssignment4\ProgrammingAssignment4.csproj", "{F27B31A3-B038-4A45-A258-10ED96AD6E45}"
EndProject
Project("{FAE04EC0-301F-11D3-BF4B-00C04F79EFBC}") = "ProgrammingAssignment4ClassLibrary", "..\ProgrammingAssignment4ClassLibrary\ProgrammingAssignment4ClassLibrary.csproj", "{DED445AA-A174-4471-809D-9DDA4C7D5875}"
EndProject
Global
	GlobalSection(SolutionConfigurationPlatforms) = preSolution
		Debug|Any CPU = Debug|Any CPU
		Release|Any CPU = Release|Any CPU
	EndGlobalSection
	GlobalSection(ProjectConfigurationPlatforms) = postSolution
		{F27B31A3-B038-4A45-A258-10ED96AD6E45}.Debug|Any CPU.ActiveCfg = Debug|Any CPU
		{F27B31A3-B038-4A45-A258-10ED96AD6E45}.Debug|Any CPU.Build.0 = Debug|Any CPU
		{F27B31A3-B038-4A45-A258-10ED96AD6E45}.Release|Any CPU.ActiveCfg = Release|Any CPU
		{F27B31A3-B038-4A45-A258-10ED96AD6E45}.Release|Any CPU.Build.0 = Release|Any CPU
		{DED445AA-A174-4471-809D-9DDA4C7D5875}.Debug|Any CPU.ActiveCfg = Debug|Any CPU
		{DED445AA-A174-4471-809D-9DDA4C7D5875}.Debug|Any CPU.Build.0 = Debug|Any CPU
		{DED445AA-A174-4471-809D-9DDA4C7D5875}.Release|Any CPU.ActiveCfg = Release|Any CPU
		{DED445AA-A174-4471-809D-9DDA4C7D5875}.Release|Any CPU.Build.0 = Release|Any CPU
	EndGlobalSection
	GlobalSection(SolutionProperties) = preSolution
		HideSolutionNode = FALSE
	EndGlobalSection
	GlobalSection(ExtensibilityGlobals) = postSolution
		SolutionGuid = {6580CD00-54B9-49C5-8CF0-756A70FBE406}
	EndGlobalSection
EndGlobal
